
Microsoft Visual Studio Solution File, Format Version 12.00
# Visual Studio Version 16
VisualStudioVersion = 16.0.31129.286
MinimumVisualStudioVersion = 10.0.40219.1
Project("{FAE04EC0-301F-11D3-BF4B-00C04F79EFBC}") = "SportzInteractive", "SportzInteractive.csproj", "{E0AF9790-2BDF-4E7F-B496-11FA88B746BE}"
EndProject
Global
	GlobalSection(SolutionConfigurationPlatforms) = preSolution
		Debug|Any CPU = Debug|Any CPU
		Release|Any CPU = Release|Any CPU
	EndGlobalSection
	GlobalSection(ProjectConfigurationPlatforms) = postSolution
		{E0AF9790-2BDF-4E7F-B496-11FA88B746BE}.Debug|Any CPU.ActiveCfg = Debug|Any CPU
		{E0AF9790-2BDF-4E7F-B496-11FA88B746BE}.Debug|Any CPU.Build.0 = Debug|Any CPU
		{E0AF9790-2BDF-4E7F-B496-11FA88B746BE}.Release|Any CPU.ActiveCfg = Release|Any CPU
		{E0AF9790-2BDF-4E7F-B496-11FA88B746BE}.Release|Any CPU.Build.0 = Release|Any CPU
	EndGlobalSection
	GlobalSection(SolutionProperties) = preSolution
		HideSolutionNode = FALSE
	EndGlobalSection
	GlobalSection(ExtensibilityGlobals) = postSolution
		SolutionGuid = {690E500B-BAC3-45B0-9D01-9EACA9B764F0}
	EndGlobalSection
EndGlobal
